// !$*UTF8*$!
{
	archiveVersion = 1;
	classes = {
	};
	objectVersion = 56;
	objects = {

/* Begin PBXBuildFile section */
		53694CD829227E4500DDD9E5 /* UIKit_in_SwiftUI_SampleApp.swift in Sources */ = {isa = PBXBuildFile; fileRef = 53694CD729227E4500DDD9E5 /* UIKit_in_SwiftUI_SampleApp.swift */; };
		53694CDA29227E4500DDD9E5 /* ContentView.swift in Sources */ = {isa = PBXBuildFile; fileRef = 53694CD929227E4500DDD9E5 /* ContentView.swift */; };
		53694CDC29227E4600DDD9E5 /* Assets.xcassets in Resources */ = {isa = PBXBuildFile; fileRef = 53694CDB29227E4600DDD9E5 /* Assets.xcassets */; };
		53694CDF29227E4600DDD9E5 /* Preview Assets.xcassets in Resources */ = {isa = PBXBuildFile; fileRef = 53694CDE29227E4600DDD9E5 /* Preview Assets.xcassets */; };
		53694CE629227E8700DDD9E5 /* MyUIViewController.swift in Sources */ = {isa = PBXBuildFile; fileRef = 53694CE529227E8700DDD9E5 /* MyUIViewController.swift */; };
		53694CE82922806800DDD9E5 /* MySwiftUIView.swift in Sources */ = {isa = PBXBuildFile; fileRef = 53694CE72922806800DDD9E5 /* MySwiftUIView.swift */; };
/* End PBXBuildFile section */

/* Begin PBXFileReference section */
		53694CD429227E4500DDD9E5 /* UIKit_in_SwiftUI_Sample.app */ = {isa = PBXFileReference; explicitFileType = wrapper.application; includeInIndex = 0; path = UIKit_in_SwiftUI_Sample.app; sourceTree = BUILT_PRODUCTS_DIR; };
		53694CD729227E4500DDD9E5 /* UIKit_in_SwiftUI_SampleApp.swift */ = {isa = PBXFileReference; lastKnownFileType = sourcecode.swift; path = UIKit_in_SwiftUI_SampleApp.swift; sourceTree = "<group>"; };
		53694CD929227E4500DDD9E5 /* ContentView.swift */ = {isa = PBXFileReference; lastKnownFileType = sourcecode.swift; path = ContentView.swift; sourceTree = "<group>"; };
		53694CDB29227E4600DDD9E5 /* Assets.xcassets */ = {isa = PBXFileReference; lastKnownFileType = folder.assetcatalog; path = Assets.xcassets; sourceTree = "<group>"; };
		53694CDE29227E4600DDD9E5 /* Preview Assets.xcassets */ = {isa = PBXFileReference; lastKnownFileType = folder.assetcatalog; path = "Preview Assets.xcassets"; sourceTree = "<group>"; };
		53694CE529227E8700DDD9E5 /* MyUIViewController.swift */ = {isa = PBXFileReference; lastKnownFileType = sourcecode.swift; path = MyUIViewController.swift; sourceTree = "<group>"; };
		53694CE72922806800DDD9E5 /* MySwiftUIView.swift */ = {isa = PBXFileReference; lastKnownFileType = sourcecode.swift; path = MySwiftUIView.swift; sourceTree = "<group>"; };
/* End PBXFileReference section */

/* Begin PBXFrameworksBuildPhase section */
		53694CD129227E4500DDD9E5 /* Frameworks */ = {
			isa = PBXFrameworksBuildPhase;
			buildActionMask = 2147483647;
			files = (
			);
			runOnlyForDeploymentPostprocessing = 0;
		};
/* End PBXFrameworksBuildPhase section */

/* Begin PBXGroup section */
		53694CCB29227E4400DDD9E5 = {
			isa = PBXGroup;
			children = (
				53694CD629227E4500DDD9E5 /* UIKit_in_SwiftUI_Sample */,
				53694CD529227E4500DDD9E5 /* Products */,
			);
			sourceTree = "<group>";
		};
		53694CD529227E4500DDD9E5 /* Products */ = {
			isa = PBXGroup;
			children = (
				53694CD429227E4500DDD9E5 /* UIKit_in_SwiftUI_Sample.app */,
			);
			name = Products;
			sourceTree = "<group>";
		};
		53694CD629227E4500DDD9E5 /* UIKit_in_SwiftUI_Sample */ = {
			isa = PBXGroup;
			children = (
				53694CD729227E4500DDD9E5 /* UIKit_in_SwiftUI_SampleApp.swift */,
				53694CD929227E4500DDD9E5 /* ContentView.swift */,
				53694CE529227E8700DDD9E5 /* MyUIViewController.swift */,
				53694CE72922806800DDD9E5 /* MySwiftUIView.swift */,
				53694CDB29227E4600DDD9E5 /* Assets.xcassets */,
				53694CDD29227E4600DDD9E5 /* Preview Content */,
			);
			path = UIKit_in_SwiftUI_Sample;
			sourceTree = "<group>";
		};
		53694CDD29227E4600DDD9E5 /* Preview Content */ = {
			isa = PBXGroup;
			children = (
				53694CDE29227E4600DDD9E5 /* Preview Assets.xcassets */,
			);
			path = "Preview Content";
			sourceTree = "<group>";
		};
/* End PBXGroup section */

/* Begin PBXNativeTarget section */
		53694CD329227E4500DDD9E5 /* UIKit_in_SwiftUI_Sample */ = {
			isa = PBXNativeTarget;
			buildConfigurationList = 53694CE229227E4600DDD9E5 /* Build configuration list for PBXNativeTarget "UIKit_in_SwiftUI_Sample" */;
			buildPhases = (
				53694CD029227E4500DDD9E5 /* Sources */,
				53694CD129227E4500DDD9E5 /* Frameworks */,
				53694CD229227E4500DDD9E5 /* Resources */,
			);
			buildRules = (
			);
			dependencies = (
			);
			name = UIKit_in_SwiftUI_Sample;
			productName = UIKit_in_SwiftUI_Sample;
			productReference = 53694CD429227E4500DDD9E5 /* UIKit_in_SwiftUI_Sample.app */;
			productType = "com.apple.product-type.application";
		};
/* End PBXNativeTarget section */

/* Begin PBXProject section */
		53694CCC29227E4500DDD9E5 /* Project object */ = {
			isa = PBXProject;
			attributes = {
				BuildIndependentTargetsInParallel = 1;
				LastSwiftUpdateCheck = 1400;
				LastUpgradeCheck = 1400;
				TargetAttributes = {
					53694CD329227E4500DDD9E5 = {
						CreatedOnToolsVersion = 14.0;
					};
				};
			};
			buildConfigurationList = 53694CCF29227E4500DDD9E5 /* Build configuration list for PBXProject "UIKit_in_SwiftUI_Sample" */;
			compatibilityVersion = "Xcode 14.0";
			developmentRegion = en;
			hasScannedForEncodings = 0;
			knownRegions = (
				en,
				Base,
			);
			mainGroup = 53694CCB29227E4400DDD9E5;
			productRefGroup = 53694CD529227E4500DDD9E5 /* Products */;
			projectDirPath = "";
			projectRoot = "";
			targets = (
				53694CD329227E4500DDD9E5 /* UIKit_in_SwiftUI_Sample */,
			);
		};
/* End PBXProject section */

/* Begin PBXResourcesBuildPhase section */
		53694CD229227E4500DDD9E5 /* Resources */ = {
			isa = PBXResourcesBuildPhase;
			buildActionMask = 2147483647;
			files = (
				53694CDF29227E4600DDD9E5 /* Preview Assets.xcassets in Resources */,
				53694CDC29227E4600DDD9E5 /* Assets.xcassets in Resources */,
			);
			runOnlyForDeploymentPostprocessing = 0;
		};
/* End PBXResourcesBuildPhase section */

/* Begin PBXSourcesBuildPhase section */
		53694CD029227E4500DDD9E5 /* Sources */ = {
			isa = PBXSourcesBuildPhase;
			buildActionMask = 2147483647;
			files = (
				53694CDA29227E4500DDD9E5 /* ContentView.swift in Sources */,
				53694CE629227E8700DDD9E5 /* MyUIViewController.swift in Sources */,
				53694CE82922806800DDD9E5 /* MySwiftUIView.swift in Sources */,
				53694CD829227E4500DDD9E5 /* UIKit_in_SwiftUI_SampleApp.swift in Sources */,
			);
			runOnlyForDeploymentPostprocessing = 0;
		};
/* End PBXSourcesBuildPhase section */

/* Begin XCBuildConfiguration section */
		53694CE029227E4600DDD9E5 /* Debug */ = {
			isa = XCBuildConfiguration;
			buildSettings = {
				ALWAYS_SEARCH_USER_PATHS = NO;
				CLANG_ANALYZER_NONNULL = YES;
				CLANG_ANALYZER_NUMBER_OBJECT_CONVERSION = YES_AGGRESSIVE;
				CLANG_CXX_LANGUAGE_STANDARD = "gnu++20";
				CLANG_ENABLE_MODULES = YES;
				CLANG_ENABLE_OBJC_ARC = YES;
				CLANG_ENABLE_OBJC_WEAK = YES;
				CLANG_WARN_BLOCK_CAPTURE_AUTORELEASING = YES;
				CLANG_WARN_BOOL_CONVERSION = YES;
				CLANG_WARN_COMMA = YES;
				CLANG_WARN_CONSTANT_CONVERSION = YES;
				CLANG_WARN_DEPRECATED_OBJC_IMPLEMENTATIONS = YES;
				CLANG_WARN_DIRECT_OBJC_ISA_USAGE = YES_ERROR;
				CLANG_WARN_DOCUMENTATION_COMMENTS = YES;
				CLANG_WARN_EMPTY_BODY = YES;
				CLANG_WARN_ENUM_CONVERSION = YES;
				CLANG_WARN_INFINITE_RECURSION = YES;
				CLANG_WARN_INT_CONVERSION = YES;
				CLANG_WARN_NON_LITERAL_NULL_CONVERSION = YES;
				CLANG_WARN_OBJC_IMPLICIT_RETAIN_SELF = YES;
				CLANG_WARN_OBJC_LITERAL_CONVERSION = YES;
				CLANG_WARN_OBJC_ROOT_CLASS = YES_ERROR;
				CLANG_WARN_QUOTED_INCLUDE_IN_FRAMEWORK_HEADER = YES;
				CLANG_WARN_RANGE_LOOP_ANALYSIS = YES;
				CLANG_WARN_STRICT_PROTOTYPES = YES;
				CLANG_WARN_SUSPICIOUS_MOVE = YES;
				CLANG_WARN_UNGUARDED_AVAILABILITY = YES_AGGRESSIVE;
				CLANG_WARN_UNREACHABLE_CODE = YES;
				CLANG_WARN__DUPLICATE_METHOD_MATCH = YES;
				COPY_PHASE_STRIP = NO;
				DEBUG_INFORMATION_FORMAT = dwarf;
				ENABLE_STRICT_OBJC_MSGSEND = YES;
				ENABLE_TESTABILITY = YES;
				GCC_C_LANGUAGE_STANDARD = gnu11;
				GCC_DYNAMIC_NO_PIC = NO;
				GCC_NO_COMMON_BLOCKS = YES;
				GCC_OPTIMIZATION_LEVEL = 0;
				GCC_PREPROCESSOR_DEFINITIONS = (
					"DEBUG=1",
					"$(inherited)",
				);
				GCC_WARN_64_TO_32_BIT_CONVERSION = YES;
				GCC_WARN_ABOUT_RETURN_TYPE = YES_ERROR;
				GCC_WARN_UNDECLARED_SELECTOR = YES;
				GCC_WARN_UNINITIALIZED_AUTOS = YES_AGGRESSIVE;
				GCC_WARN_UNUSED_FUNCTION = YES;
				GCC_WARN_UNUSED_VARIABLE = YES;
				IPHONEOS_DEPLOYMENT_TARGET = 16.0;
				MTL_ENABLE_DEBUG_INFO = INCLUDE_SOURCE;
				MTL_FAST_MATH = YES;
				ONLY_ACTIVE_ARCH = YES;
				SDKROOT = iphoneos;
				SWIFT_ACTIVE_COMPILATION_CONDITIONS = DEBUG;
				SWIFT_OPTIMIZATION_LEVEL = "-Onone";
			};
			name = Debug;
		};
		53694CE129227E4600DDD9E5 /* Release */ = {
			isa = XCBuildConfiguration;
			buildSettings = {
				ALWAYS_SEARCH_USER_PATHS = NO;
				CLANG_ANALYZER_NONNULL = YES;
				CLANG_ANALYZER_NUMBER_OBJECT_CONVERSION = YES_AGGRESSIVE;
				CLANG_CXX_LANGUAGE_STANDARD = "gnu++20";
				CLANG_ENABLE_MODULES = YES;
				CLANG_ENABLE_OBJC_ARC = YES;
				CLANG_ENABLE_OBJC_WEAK = YES;
				CLANG_WARN_BLOCK_CAPTURE_AUTORELEASING = YES;
				CLANG_WARN_BOOL_CONVERSION = YES;
				CLANG_WARN_COMMA = YES;
				CLANG_WARN_CONSTANT_CONVERSION = YES;
				CLANG_WARN_DEPRECATED_OBJC_IMPLEMENTATIONS = YES;
				CLANG_WARN_DIRECT_OBJC_ISA_USAGE = YES_ERROR;
				CLANG_WARN_DOCUMENTATION_COMMENTS = YES;
				CLANG_WARN_EMPTY_BODY = YES;
				CLANG_WARN_ENUM_CONVERSION = YES;
				CLANG_WARN_INFINITE_RECURSION = YES;
				CLANG_WARN_INT_CONVERSION = YES;
				CLANG_WARN_NON_LITERAL_NULL_CONVERSION = YES;
				CLANG_WARN_OBJC_IMPLICIT_RETAIN_SELF = YES;
				CLANG_WARN_OBJC_LITERAL_CONVERSION = YES;
				CLANG_WARN_OBJC_ROOT_CLASS = YES_ERROR;
				CLANG_WARN_QUOTED_INCLUDE_IN_FRAMEWORK_HEADER = YES;
				CLANG_WARN_RANGE_LOOP_ANALYSIS = YES;
				CLANG_WARN_STRICT_PROTOTYPES = YES;
				CLANG_WARN_SUSPICIOUS_MOVE = YES;
				CLANG_WARN_UNGUARDED_AVAILABILITY = YES_AGGRESSIVE;
				CLANG_WARN_UNREACHABLE_CODE = YES;
				CLANG_WARN__DUPLICATE_METHOD_MATCH = YES;
				COPY_PHASE_STRIP = NO;
				DEBUG_INFORMATION_FORMAT = "dwarf-with-dsym";
				ENABLE_NS_ASSERTIONS = NO;
				ENABLE_STRICT_OBJC_MSGSEND = YES;
				GCC_C_LANGUAGE_STANDARD = gnu11;
				GCC_NO_COMMON_BLOCKS = YES;
				GCC_WARN_64_TO_32_BIT_CONVERSION = YES;
				GCC_WARN_ABOUT_RETURN_TYPE = YES_ERROR;
				GCC_WARN_UNDECLARED_SELECTOR = YES;
				GCC_WARN_UNINITIALIZED_AUTOS = YES_AGGRESSIVE;
				GCC_WARN_UNUSED_FUNCTION = YES;
				GCC_WARN_UNUSED_VARIABLE = YES;
				IPHONEOS_DEPLOYMENT_TARGET = 16.0;
				MTL_ENABLE_DEBUG_INFO = NO;
				MTL_FAST_MATH = YES;
				SDKROOT = iphoneos;
				SWIFT_COMPILATION_MODE = wholemodule;
				SWIFT_OPTIMIZATION_LEVEL = "-O";
				VALIDATE_PRODUCT = YES;
			};
			name = Release;
		};
		53694CE329227E4600DDD9E5 /* Debug */ = {
			isa = XCBuildConfiguration;
			buildSettings = {
				ASSETCATALOG_COMPILER_APPICON_NAME = AppIcon;
				ASSETCATALOG_COMPILER_GLOBAL_ACCENT_COLOR_NAME = AccentColor;
				CODE_SIGN_STYLE = Automatic;
				CURRENT_PROJECT_VERSION = 1;
				DEVELOPMENT_ASSET_PATHS = "\"UIKit_in_SwiftUI_Sample/Preview Content\"";
				DEVELOPMENT_TEAM = 98N37KG6VV;
				ENABLE_PREVIEWS = YES;
				GENERATE_INFOPLIST_FILE = YES;
				INFOPLIST_KEY_UIApplicationSceneManifest_Generation = YES;
				INFOPLIST_KEY_UIApplicationSupportsIndirectInputEvents = YES;
				INFOPLIST_KEY_UILaunchScreen_Generation = YES;
				INFOPLIST_KEY_UISupportedInterfaceOrientations_iPad = "UIInterfaceOrientationPortrait UIInterfaceOrientationPortraitUpsideDown UIInterfaceOrientationLandscapeLeft UIInterfaceOrientationLandscapeRight";
				INFOPLIST_KEY_UISupportedInterfaceOrientations_iPhone = "UIInterfaceOrientationPortrait UIInterfaceOrientationLandscapeLeft UIInterfaceOrientationLandscapeRight";
				LD_RUNPATH_SEARCH_PATHS = (
					"$(inherited)",
					"@executable_path/Frameworks",
				);
				MARKETING_VERSION = 1.0;
				PRODUCT_BUNDLE_IDENTIFIER = "com.smaillim-p.UIKit-in-SwiftUI-Sample";
				PRODUCT_NAME = "$(TARGET_NAME)";
				SWIFT_EMIT_LOC_STRINGS = YES;
				SWIFT_VERSION = 5.0;
				TARGETED_DEVICE_FAMILY = "1,2";
			};
			name = Debug;
		};
		53694CE429227E4600DDD9E5 /* Release */ = {
			isa = XCBuildConfiguration;
			buildSettings = {
				ASSETCATALOG_COMPILER_APPICON_NAME = AppIcon;
				ASSETCATALOG_COMPILER_GLOBAL_ACCENT_COLOR_NAME = AccentColor;
				CODE_SIGN_STYLE = Automatic;
				CURRENT_PROJECT_VERSION = 1;
				DEVELOPMENT_ASSET_PATHS = "\"UIKit_in_SwiftUI_Sample/Preview Content\"";
				DEVELOPMENT_TEAM = 98N37KG6VV;
				ENABLE_PREVIEWS = YES;
				GENERATE_INFOPLIST_FILE = YES;
				INFOPLIST_KEY_UIApplicationSceneManifest_Generation = YES;
				INFOPLIST_KEY_UIApplicationSupportsIndirectInputEvents = YES;
				INFOPLIST_KEY_UILaunchScreen_Generation = YES;
				INFOPLIST_KEY_UISupportedInterfaceOrientations_iPad = "UIInterfaceOrientationPortrait UIInterfaceOrientationPortraitUpsideDown UIInterfaceOrientationLandscapeLeft UIInterfaceOrientationLandscapeRight";
				INFOPLIST_KEY_UISupportedInterfaceOrientations_iPhone = "UIInterfaceOrientationPortrait UIInterfaceOrientationLandscapeLeft UIInterfaceOrientationLandscapeRight";
				LD_RUNPATH_SEARCH_PATHS = (
					"$(inherited)",
					"@executable_path/Frameworks",
				);
				MARKETING_VERSION = 1.0;
				PRODUCT_BUNDLE_IDENTIFIER = "com.smaillim-p.UIKit-in-SwiftUI-Sample";
				PRODUCT_NAME = "$(TARGET_NAME)";
				SWIFT_EMIT_LOC_STRINGS = YES;
				SWIFT_VERSION = 5.0;
				TARGETED_DEVICE_FAMILY = "1,2";
			};
			name = Release;
		};
/* End XCBuildConfiguration section */

/* Begin XCConfigurationList section */
		53694CCF29227E4500DDD9E5 /* Build configuration list for PBXProject "UIKit_in_SwiftUI_Sample" */ = {
			isa = XCConfigurationList;
			buildConfigurations = (
				53694CE029227E4600DDD9E5 /* Debug */,
				53694CE129227E4600DDD9E5 /* Release */,
			);
			defaultConfigurationIsVisible = 0;
			defaultConfigurationName = Release;
		};
		53694CE229227E4600DDD9E5 /* Build configuration list for PBXNativeTarget "UIKit_in_SwiftUI_Sample" */ = {
			isa = XCConfigurationList;
			buildConfigurations = (
				53694CE329227E4600DDD9E5 /* Debug */,
				53694CE429227E4600DDD9E5 /* Release */,
			);
			defaultConfigurationIsVisible = 0;
			defaultConfigurationName = Release;
		};
/* End XCConfigurationList section */
	};
	rootObject = 53694CCC29227E4500DDD9E5 /* Project object */;
}
